# This file is automatically @generated by Cargo.
# It is not intended for manual editing.
[[package]]
name = "dylib"
version = "0.0.3"
source = "registry+https://github.com/rust-lang/crates.io-index"
dependencies = [
 "libc 0.2.62 (registry+https://github.com/rust-lang/crates.io-index)",
]

[[package]]
name = "libc"
version = "0.2.62"
source = "registry+https://github.com/rust-lang/crates.io-index"

[[package]]
name = "vlc-module-tool"
version = "0.1.0"
dependencies = [
 "dylib 0.0.3 (registry+https://github.com/rust-lang/crates.io-index)",
 "libc 0.2.62 (registry+https://github.com/rust-lang/crates.io-index)",
]

[metadata]
"checksum dylib 0.0.3 (registry+https://github.com/rust-lang/crates.io-index)" = "f06c13073013a912b363eee1433572499a2028a6b05432dad09383124d64731e"
"checksum libc 0.2.62 (registry+https://github.com/rust-lang/crates.io-index)" = "34fcd2c08d2f832f376f4173a231990fa5aef4e99fb569867318a227ef4c06ba"
